
Microsoft Visual Studio Solution File, Format Version 12.00
# Visual Studio Version 17
VisualStudioVersion = 17.0.31717.71
MinimumVisualStudioVersion = 10.0.40219.1
Project("{9A19103F-16F7-4668-BE54-9A1E7A4F7556}") = "MoneyArchiveDb", "MoneyArchiveDb\MoneyArchiveDb.csproj", "{F56787A6-F91E-4933-88F9-9FFED038720B}"
EndProject
Project("{9A19103F-16F7-4668-BE54-9A1E7A4F7556}") = "MoneyArchiveApp", "MoneyArchiveApp\MoneyArchiveApp.csproj", "{1E608734-7CA2-4F6A-B1EB-48B849A616B0}"
EndProject
Project("{2150E333-8FDC-42A3-9474-1A3956D46DE8}") = "Solution Items", "Solution Items", "{1823C837-292B-4514-80A9-9E517C46115C}"
	ProjectSection(SolutionItems) = preProject
		.editorconfig = .editorconfig
		LICENSE.txt = LICENSE.txt
		README.md = README.md
	EndProjectSection
EndProject
Global
	GlobalSection(SolutionConfigurationPlatforms) = preSolution
		Debug|Any CPU = Debug|Any CPU
		Release|Any CPU = Release|Any CPU
	EndGlobalSection
	GlobalSection(ProjectConfigurationPlatforms) = postSolution
		{F56787A6-F91E-4933-88F9-9FFED038720B}.Debug|Any CPU.ActiveCfg = Debug|Any CPU
		{F56787A6-F91E-4933-88F9-9FFED038720B}.Debug|Any CPU.Build.0 = Debug|Any CPU
		{F56787A6-F91E-4933-88F9-9FFED038720B}.Release|Any CPU.ActiveCfg = Release|Any CPU
		{F56787A6-F91E-4933-88F9-9FFED038720B}.Release|Any CPU.Build.0 = Release|Any CPU
		{1E608734-7CA2-4F6A-B1EB-48B849A616B0}.Debug|Any CPU.ActiveCfg = Debug|Any CPU
		{1E608734-7CA2-4F6A-B1EB-48B849A616B0}.Debug|Any CPU.Build.0 = Debug|Any CPU
		{1E608734-7CA2-4F6A-B1EB-48B849A616B0}.Release|Any CPU.ActiveCfg = Release|Any CPU
		{1E608734-7CA2-4F6A-B1EB-48B849A616B0}.Release|Any CPU.Build.0 = Release|Any CPU
	EndGlobalSection
	GlobalSection(SolutionProperties) = preSolution
		HideSolutionNode = FALSE
	EndGlobalSection
	GlobalSection(ExtensibilityGlobals) = postSolution
		SolutionGuid = {FEE70ABA-B1B6-43A8-9FE1-18EDEC464041}
	EndGlobalSection
EndGlobal
